// !$*UTF8*$!
{
	archiveVersion = 1;
	classes = {
	};
	objectVersion = 56;
	objects = {

/* Begin PBXBuildFile section */
		93A120002B42C18200AF5284 /* MyStoreKit.swift in Sources */ = {isa = PBXBuildFile; fileRef = 93A11FFF2B42C18200AF5284 /* MyStoreKit.swift */; };
		93A120032B42C25700AF5284 /* StoreKit.framework in Frameworks */ = {isa = PBXBuildFile; fileRef = 93A120022B42C25700AF5284 /* StoreKit.framework */; };
		93B71F292B417A870090DFA8 /* AppDelegate.swift in Sources */ = {isa = PBXBuildFile; fileRef = 93B71F282B417A870090DFA8 /* AppDelegate.swift */; };
		93B71F2B2B417A870090DFA8 /* SceneDelegate.swift in Sources */ = {isa = PBXBuildFile; fileRef = 93B71F2A2B417A870090DFA8 /* SceneDelegate.swift */; };
		93B71F2D2B417A870090DFA8 /* ViewController.swift in Sources */ = {isa = PBXBuildFile; fileRef = 93B71F2C2B417A870090DFA8 /* ViewController.swift */; };
		93B71F302B417A870090DFA8 /* Main.storyboard in Resources */ = {isa = PBXBuildFile; fileRef = 93B71F2E2B417A870090DFA8 /* Main.storyboard */; };
		93B71F322B417A880090DFA8 /* Assets.xcassets in Resources */ = {isa = PBXBuildFile; fileRef = 93B71F312B417A880090DFA8 /* Assets.xcassets */; };
		93B71F352B417A880090DFA8 /* LaunchScreen.storyboard in Resources */ = {isa = PBXBuildFile; fileRef = 93B71F332B417A880090DFA8 /* LaunchScreen.storyboard */; };
		93B71F3D2B417ACE0090DFA8 /* ViewController+ApplePay.swift in Sources */ = {isa = PBXBuildFile; fileRef = 93B71F3C2B417ACE0090DFA8 /* ViewController+ApplePay.swift */; };
		93B71F402B417C560090DFA8 /* ViewController+AppleLogin.swift in Sources */ = {isa = PBXBuildFile; fileRef = 93B71F3F2B417C560090DFA8 /* ViewController+AppleLogin.swift */; };
/* End PBXBuildFile section */

/* Begin PBXFileReference section */
		93A11FFF2B42C18200AF5284 /* MyStoreKit.swift */ = {isa = PBXFileReference; lastKnownFileType = sourcecode.swift; path = MyStoreKit.swift; sourceTree = "<group>"; };
		93A120022B42C25700AF5284 /* StoreKit.framework */ = {isa = PBXFileReference; lastKnownFileType = wrapper.framework; name = StoreKit.framework; path = System/Library/Frameworks/StoreKit.framework; sourceTree = SDKROOT; };
		93A120042B42C28700AF5284 /* LocalStore.storekit */ = {isa = PBXFileReference; lastKnownFileType = text; path = LocalStore.storekit; sourceTree = "<group>"; };
		93B71F252B417A870090DFA8 /* AppleFeatures.app */ = {isa = PBXFileReference; explicitFileType = wrapper.application; includeInIndex = 0; path = AppleFeatures.app; sourceTree = BUILT_PRODUCTS_DIR; };
		93B71F282B417A870090DFA8 /* AppDelegate.swift */ = {isa = PBXFileReference; lastKnownFileType = sourcecode.swift; path = AppDelegate.swift; sourceTree = "<group>"; };
		93B71F2A2B417A870090DFA8 /* SceneDelegate.swift */ = {isa = PBXFileReference; lastKnownFileType = sourcecode.swift; path = SceneDelegate.swift; sourceTree = "<group>"; };
		93B71F2C2B417A870090DFA8 /* ViewController.swift */ = {isa = PBXFileReference; lastKnownFileType = sourcecode.swift; path = ViewController.swift; sourceTree = "<group>"; };
		93B71F2F2B417A870090DFA8 /* Base */ = {isa = PBXFileReference; lastKnownFileType = file.storyboard; name = Base; path = Base.lproj/Main.storyboard; sourceTree = "<group>"; };
		93B71F312B417A880090DFA8 /* Assets.xcassets */ = {isa = PBXFileReference; lastKnownFileType = folder.assetcatalog; path = Assets.xcassets; sourceTree = "<group>"; };
		93B71F342B417A880090DFA8 /* Base */ = {isa = PBXFileReference; lastKnownFileType = file.storyboard; name = Base; path = Base.lproj/LaunchScreen.storyboard; sourceTree = "<group>"; };
		93B71F362B417A880090DFA8 /* Info.plist */ = {isa = PBXFileReference; lastKnownFileType = text.plist.xml; path = Info.plist; sourceTree = "<group>"; };
		93B71F3C2B417ACE0090DFA8 /* ViewController+ApplePay.swift */ = {isa = PBXFileReference; lastKnownFileType = sourcecode.swift; path = "ViewController+ApplePay.swift"; sourceTree = "<group>"; };
		93B71F3E2B417B6C0090DFA8 /* AppleFeatures.entitlements */ = {isa = PBXFileReference; lastKnownFileType = text.plist.entitlements; path = AppleFeatures.entitlements; sourceTree = "<group>"; };
		93B71F3F2B417C560090DFA8 /* ViewController+AppleLogin.swift */ = {isa = PBXFileReference; lastKnownFileType = sourcecode.swift; path = "ViewController+AppleLogin.swift"; sourceTree = "<group>"; };
/* End PBXFileReference section */

/* Begin PBXFrameworksBuildPhase section */
		93B71F222B417A870090DFA8 /* Frameworks */ = {
			isa = PBXFrameworksBuildPhase;
			buildActionMask = 2147483647;
			files = (
				93A120032B42C25700AF5284 /* StoreKit.framework in Frameworks */,
			);
			runOnlyForDeploymentPostprocessing = 0;
		};
/* End PBXFrameworksBuildPhase section */

/* Begin PBXGroup section */
		93A120012B42C25700AF5284 /* Frameworks */ = {
			isa = PBXGroup;
			children = (
				93A120022B42C25700AF5284 /* StoreKit.framework */,
			);
			name = Frameworks;
			sourceTree = "<group>";
		};
		93B71F1C2B417A870090DFA8 = {
			isa = PBXGroup;
			children = (
				93B71F272B417A870090DFA8 /* AppleFeatures */,
				93B71F262B417A870090DFA8 /* Products */,
				93A120012B42C25700AF5284 /* Frameworks */,
			);
			sourceTree = "<group>";
		};
		93B71F262B417A870090DFA8 /* Products */ = {
			isa = PBXGroup;
			children = (
				93B71F252B417A870090DFA8 /* AppleFeatures.app */,
			);
			name = Products;
			sourceTree = "<group>";
		};
		93B71F272B417A870090DFA8 /* AppleFeatures */ = {
			isa = PBXGroup;
			children = (
				93A120042B42C28700AF5284 /* LocalStore.storekit */,
				93B71F3E2B417B6C0090DFA8 /* AppleFeatures.entitlements */,
				93B71F282B417A870090DFA8 /* AppDelegate.swift */,
				93A11FFF2B42C18200AF5284 /* MyStoreKit.swift */,
				93B71F2A2B417A870090DFA8 /* SceneDelegate.swift */,
				93B71F2C2B417A870090DFA8 /* ViewController.swift */,
				93B71F3C2B417ACE0090DFA8 /* ViewController+ApplePay.swift */,
				93B71F3F2B417C560090DFA8 /* ViewController+AppleLogin.swift */,
				93B71F2E2B417A870090DFA8 /* Main.storyboard */,
				93B71F312B417A880090DFA8 /* Assets.xcassets */,
				93B71F332B417A880090DFA8 /* LaunchScreen.storyboard */,
				93B71F362B417A880090DFA8 /* Info.plist */,
			);
			path = AppleFeatures;
			sourceTree = "<group>";
		};
/* End PBXGroup section */

/* Begin PBXNativeTarget section */
		93B71F242B417A870090DFA8 /* AppleFeatures */ = {
			isa = PBXNativeTarget;
			buildConfigurationList = 93B71F392B417A880090DFA8 /* Build configuration list for PBXNativeTarget "AppleFeatures" */;
			buildPhases = (
				93B71F212B417A870090DFA8 /* Sources */,
				93B71F222B417A870090DFA8 /* Frameworks */,
				93B71F232B417A870090DFA8 /* Resources */,
			);
			buildRules = (
			);
			dependencies = (
			);
			name = AppleFeatures;
			productName = AppleFeatures;
			productReference = 93B71F252B417A870090DFA8 /* AppleFeatures.app */;
			productType = "com.apple.product-type.application";
		};
/* End PBXNativeTarget section */

/* Begin PBXProject section */
		93B71F1D2B417A870090DFA8 /* Project object */ = {
			isa = PBXProject;
			attributes = {
				BuildIndependentTargetsInParallel = 1;
				LastSwiftUpdateCheck = 1500;
				LastUpgradeCheck = 1500;
				TargetAttributes = {
					93B71F242B417A870090DFA8 = {
						CreatedOnToolsVersion = 15.0;
					};
				};
			};
			buildConfigurationList = 93B71F202B417A870090DFA8 /* Build configuration list for PBXProject "AppleFeatures" */;
			compatibilityVersion = "Xcode 14.0";
			developmentRegion = en;
			hasScannedForEncodings = 0;
			knownRegions = (
				en,
				Base,
			);
			mainGroup = 93B71F1C2B417A870090DFA8;
			productRefGroup = 93B71F262B417A870090DFA8 /* Products */;
			projectDirPath = "";
			projectRoot = "";
			targets = (
				93B71F242B417A870090DFA8 /* AppleFeatures */,
			);
		};
/* End PBXProject section */

/* Begin PBXResourcesBuildPhase section */
		93B71F232B417A870090DFA8 /* Resources */ = {
			isa = PBXResourcesBuildPhase;
			buildActionMask = 2147483647;
			files = (
				93B71F352B417A880090DFA8 /* LaunchScreen.storyboard in Resources */,
				93B71F322B417A880090DFA8 /* Assets.xcassets in Resources */,
				93B71F302B417A870090DFA8 /* Main.storyboard in Resources */,
			);
			runOnlyForDeploymentPostprocessing = 0;
		};
/* End PBXResourcesBuildPhase section */

/* Begin PBXSourcesBuildPhase section */
		93B71F212B417A870090DFA8 /* Sources */ = {
			isa = PBXSourcesBuildPhase;
			buildActionMask = 2147483647;
			files = (
				93B71F2D2B417A870090DFA8 /* ViewController.swift in Sources */,
				93B71F292B417A870090DFA8 /* AppDelegate.swift in Sources */,
				93A120002B42C18200AF5284 /* MyStoreKit.swift in Sources */,
				93B71F3D2B417ACE0090DFA8 /* ViewController+ApplePay.swift in Sources */,
				93B71F2B2B417A870090DFA8 /* SceneDelegate.swift in Sources */,
				93B71F402B417C560090DFA8 /* ViewController+AppleLogin.swift in Sources */,
			);
			runOnlyForDeploymentPostprocessing = 0;
		};
/* End PBXSourcesBuildPhase section */

/* Begin PBXVariantGroup section */
		93B71F2E2B417A870090DFA8 /* Main.storyboard */ = {
			isa = PBXVariantGroup;
			children = (
				93B71F2F2B417A870090DFA8 /* Base */,
			);
			name = Main.storyboard;
			sourceTree = "<group>";
		};
		93B71F332B417A880090DFA8 /* LaunchScreen.storyboard */ = {
			isa = PBXVariantGroup;
			children = (
				93B71F342B417A880090DFA8 /* Base */,
			);
			name = LaunchScreen.storyboard;
			sourceTree = "<group>";
		};
/* End PBXVariantGroup section */

/* Begin XCBuildConfiguration section */
		93B71F372B417A880090DFA8 /* Debug */ = {
			isa = XCBuildConfiguration;
			buildSettings = {
				ALWAYS_SEARCH_USER_PATHS = NO;
				ASSETCATALOG_COMPILER_GENERATE_SWIFT_ASSET_SYMBOL_EXTENSIONS = YES;
				CLANG_ANALYZER_NONNULL = YES;
				CLANG_ANALYZER_NUMBER_OBJECT_CONVERSION = YES_AGGRESSIVE;
				CLANG_CXX_LANGUAGE_STANDARD = "gnu++20";
				CLANG_ENABLE_MODULES = YES;
				CLANG_ENABLE_OBJC_ARC = YES;
				CLANG_ENABLE_OBJC_WEAK = YES;
				CLANG_WARN_BLOCK_CAPTURE_AUTORELEASING = YES;
				CLANG_WARN_BOOL_CONVERSION = YES;
				CLANG_WARN_COMMA = YES;
				CLANG_WARN_CONSTANT_CONVERSION = YES;
				CLANG_WARN_DEPRECATED_OBJC_IMPLEMENTATIONS = YES;
				CLANG_WARN_DIRECT_OBJC_ISA_USAGE = YES_ERROR;
				CLANG_WARN_DOCUMENTATION_COMMENTS = YES;
				CLANG_WARN_EMPTY_BODY = YES;
				CLANG_WARN_ENUM_CONVERSION = YES;
				CLANG_WARN_INFINITE_RECURSION = YES;
				CLANG_WARN_INT_CONVERSION = YES;
				CLANG_WARN_NON_LITERAL_NULL_CONVERSION = YES;
				CLANG_WARN_OBJC_IMPLICIT_RETAIN_SELF = YES;
				CLANG_WARN_OBJC_LITERAL_CONVERSION = YES;
				CLANG_WARN_OBJC_ROOT_CLASS = YES_ERROR;
				CLANG_WARN_QUOTED_INCLUDE_IN_FRAMEWORK_HEADER = YES;
				CLANG_WARN_RANGE_LOOP_ANALYSIS = YES;
				CLANG_WARN_STRICT_PROTOTYPES = YES;
				CLANG_WARN_SUSPICIOUS_MOVE = YES;
				CLANG_WARN_UNGUARDED_AVAILABILITY = YES_AGGRESSIVE;
				CLANG_WARN_UNREACHABLE_CODE = YES;
				CLANG_WARN__DUPLICATE_METHOD_MATCH = YES;
				COPY_PHASE_STRIP = NO;
				DEBUG_INFORMATION_FORMAT = dwarf;
				ENABLE_STRICT_OBJC_MSGSEND = YES;
				ENABLE_TESTABILITY = YES;
				ENABLE_USER_SCRIPT_SANDBOXING = YES;
				GCC_C_LANGUAGE_STANDARD = gnu17;
				GCC_DYNAMIC_NO_PIC = NO;
				GCC_NO_COMMON_BLOCKS = YES;
				GCC_OPTIMIZATION_LEVEL = 0;
				GCC_PREPROCESSOR_DEFINITIONS = (
					"DEBUG=1",
					"$(inherited)",
				);
				GCC_WARN_64_TO_32_BIT_CONVERSION = YES;
				GCC_WARN_ABOUT_RETURN_TYPE = YES_ERROR;
				GCC_WARN_UNDECLARED_SELECTOR = YES;
				GCC_WARN_UNINITIALIZED_AUTOS = YES_AGGRESSIVE;
				GCC_WARN_UNUSED_FUNCTION = YES;
				GCC_WARN_UNUSED_VARIABLE = YES;
				IPHONEOS_DEPLOYMENT_TARGET = 17.0;
				LOCALIZATION_PREFERS_STRING_CATALOGS = YES;
				MTL_ENABLE_DEBUG_INFO = INCLUDE_SOURCE;
				MTL_FAST_MATH = YES;
				ONLY_ACTIVE_ARCH = YES;
				SDKROOT = iphoneos;
				SWIFT_ACTIVE_COMPILATION_CONDITIONS = "DEBUG $(inherited)";
				SWIFT_OPTIMIZATION_LEVEL = "-Onone";
			};
			name = Debug;
		};
		93B71F382B417A880090DFA8 /* Release */ = {
			isa = XCBuildConfiguration;
			buildSettings = {
				ALWAYS_SEARCH_USER_PATHS = NO;
				ASSETCATALOG_COMPILER_GENERATE_SWIFT_ASSET_SYMBOL_EXTENSIONS = YES;
				CLANG_ANALYZER_NONNULL = YES;
				CLANG_ANALYZER_NUMBER_OBJECT_CONVERSION = YES_AGGRESSIVE;
				CLANG_CXX_LANGUAGE_STANDARD = "gnu++20";
				CLANG_ENABLE_MODULES = YES;
				CLANG_ENABLE_OBJC_ARC = YES;
				CLANG_ENABLE_OBJC_WEAK = YES;
				CLANG_WARN_BLOCK_CAPTURE_AUTORELEASING = YES;
				CLANG_WARN_BOOL_CONVERSION = YES;
				CLANG_WARN_COMMA = YES;
				CLANG_WARN_CONSTANT_CONVERSION = YES;
				CLANG_WARN_DEPRECATED_OBJC_IMPLEMENTATIONS = YES;
				CLANG_WARN_DIRECT_OBJC_ISA_USAGE = YES_ERROR;
				CLANG_WARN_DOCUMENTATION_COMMENTS = YES;
				CLANG_WARN_EMPTY_BODY = YES;
				CLANG_WARN_ENUM_CONVERSION = YES;
				CLANG_WARN_INFINITE_RECURSION = YES;
				CLANG_WARN_INT_CONVERSION = YES;
				CLANG_WARN_NON_LITERAL_NULL_CONVERSION = YES;
				CLANG_WARN_OBJC_IMPLICIT_RETAIN_SELF = YES;
				CLANG_WARN_OBJC_LITERAL_CONVERSION = YES;
				CLANG_WARN_OBJC_ROOT_CLASS = YES_ERROR;
				CLANG_WARN_QUOTED_INCLUDE_IN_FRAMEWORK_HEADER = YES;
				CLANG_WARN_RANGE_LOOP_ANALYSIS = YES;
				CLANG_WARN_STRICT_PROTOTYPES = YES;
				CLANG_WARN_SUSPICIOUS_MOVE = YES;
				CLANG_WARN_UNGUARDED_AVAILABILITY = YES_AGGRESSIVE;
				CLANG_WARN_UNREACHABLE_CODE = YES;
				CLANG_WARN__DUPLICATE_METHOD_MATCH = YES;
				COPY_PHASE_STRIP = NO;
				DEBUG_INFORMATION_FORMAT = "dwarf-with-dsym";
				ENABLE_NS_ASSERTIONS = NO;
				ENABLE_STRICT_OBJC_MSGSEND = YES;
				ENABLE_USER_SCRIPT_SANDBOXING = YES;
				GCC_C_LANGUAGE_STANDARD = gnu17;
				GCC_NO_COMMON_BLOCKS = YES;
				GCC_WARN_64_TO_32_BIT_CONVERSION = YES;
				GCC_WARN_ABOUT_RETURN_TYPE = YES_ERROR;
				GCC_WARN_UNDECLARED_SELECTOR = YES;
				GCC_WARN_UNINITIALIZED_AUTOS = YES_AGGRESSIVE;
				GCC_WARN_UNUSED_FUNCTION = YES;
				GCC_WARN_UNUSED_VARIABLE = YES;
				IPHONEOS_DEPLOYMENT_TARGET = 17.0;
				LOCALIZATION_PREFERS_STRING_CATALOGS = YES;
				MTL_ENABLE_DEBUG_INFO = NO;
				MTL_FAST_MATH = YES;
				SDKROOT = iphoneos;
				SWIFT_COMPILATION_MODE = wholemodule;
				VALIDATE_PRODUCT = YES;
			};
			name = Release;
		};
		93B71F3A2B417A880090DFA8 /* Debug */ = {
			isa = XCBuildConfiguration;
			buildSettings = {
				ASSETCATALOG_COMPILER_APPICON_NAME = AppIcon;
				ASSETCATALOG_COMPILER_GLOBAL_ACCENT_COLOR_NAME = AccentColor;
				CODE_SIGN_ENTITLEMENTS = AppleFeatures/AppleFeatures.entitlements;
				CODE_SIGN_STYLE = Automatic;
				CURRENT_PROJECT_VERSION = 1;
				GENERATE_INFOPLIST_FILE = YES;
				INFOPLIST_FILE = AppleFeatures/Info.plist;
				INFOPLIST_KEY_UIApplicationSupportsIndirectInputEvents = YES;
				INFOPLIST_KEY_UILaunchStoryboardName = LaunchScreen;
				INFOPLIST_KEY_UIMainStoryboardFile = Main;
				INFOPLIST_KEY_UISupportedInterfaceOrientations_iPad = "UIInterfaceOrientationPortrait UIInterfaceOrientationPortraitUpsideDown UIInterfaceOrientationLandscapeLeft UIInterfaceOrientationLandscapeRight";
				INFOPLIST_KEY_UISupportedInterfaceOrientations_iPhone = "UIInterfaceOrientationPortrait UIInterfaceOrientationLandscapeLeft UIInterfaceOrientationLandscapeRight";
				IPHONEOS_DEPLOYMENT_TARGET = 14.0;
				LD_RUNPATH_SEARCH_PATHS = (
					"$(inherited)",
					"@executable_path/Frameworks",
				);
				MARKETING_VERSION = 1.0;
				PRODUCT_BUNDLE_IDENTIFIER = com.AppleFeatures;
				PRODUCT_NAME = "$(TARGET_NAME)";
				SWIFT_EMIT_LOC_STRINGS = YES;
				SWIFT_VERSION = 5.0;
				TARGETED_DEVICE_FAMILY = "1,2";
			};
			name = Debug;
		};
		93B71F3B2B417A880090DFA8 /* Release */ = {
			isa = XCBuildConfiguration;
			buildSettings = {
				ASSETCATALOG_COMPILER_APPICON_NAME = AppIcon;
				ASSETCATALOG_COMPILER_GLOBAL_ACCENT_COLOR_NAME = AccentColor;
				CODE_SIGN_ENTITLEMENTS = AppleFeatures/AppleFeatures.entitlements;
				CODE_SIGN_STYLE = Automatic;
				CURRENT_PROJECT_VERSION = 1;
				GENERATE_INFOPLIST_FILE = YES;
				INFOPLIST_FILE = AppleFeatures/Info.plist;
				INFOPLIST_KEY_UIApplicationSupportsIndirectInputEvents = YES;
				INFOPLIST_KEY_UILaunchStoryboardName = LaunchScreen;
				INFOPLIST_KEY_UIMainStoryboardFile = Main;
				INFOPLIST_KEY_UISupportedInterfaceOrientations_iPad = "UIInterfaceOrientationPortrait UIInterfaceOrientationPortraitUpsideDown UIInterfaceOrientationLandscapeLeft UIInterfaceOrientationLandscapeRight";
				INFOPLIST_KEY_UISupportedInterfaceOrientations_iPhone = "UIInterfaceOrientationPortrait UIInterfaceOrientationLandscapeLeft UIInterfaceOrientationLandscapeRight";
				IPHONEOS_DEPLOYMENT_TARGET = 14.0;
				LD_RUNPATH_SEARCH_PATHS = (
					"$(inherited)",
					"@executable_path/Frameworks",
				);
				MARKETING_VERSION = 1.0;
				PRODUCT_BUNDLE_IDENTIFIER = com.AppleFeatures;
				PRODUCT_NAME = "$(TARGET_NAME)";
				SWIFT_EMIT_LOC_STRINGS = YES;
				SWIFT_VERSION = 5.0;
				TARGETED_DEVICE_FAMILY = "1,2";
			};
			name = Release;
		};
/* End XCBuildConfiguration section */

/* Begin XCConfigurationList section */
		93B71F202B417A870090DFA8 /* Build configuration list for PBXProject "AppleFeatures" */ = {
			isa = XCConfigurationList;
			buildConfigurations = (
				93B71F372B417A880090DFA8 /* Debug */,
				93B71F382B417A880090DFA8 /* Release */,
			);
			defaultConfigurationIsVisible = 0;
			defaultConfigurationName = Release;
		};
		93B71F392B417A880090DFA8 /* Build configuration list for PBXNativeTarget "AppleFeatures" */ = {
			isa = XCConfigurationList;
			buildConfigurations = (
				93B71F3A2B417A880090DFA8 /* Debug */,
				93B71F3B2B417A880090DFA8 /* Release */,
			);
			defaultConfigurationIsVisible = 0;
			defaultConfigurationName = Release;
		};
/* End XCConfigurationList section */
	};
	rootObject = 93B71F1D2B417A870090DFA8 /* Project object */;
}
